PackratFormat: 1.4
PackratVersion: 0.4.8.1
RVersion: 3.4.0
Repos: CRAN=https://cran.uni-muenster.de/,
    CRANextra=http://www.stats.ox.ac.uk/pub/RWin

Package: BH
Source: CRAN
Version: 1.62.0-1
Hash: 14dfb3e8ffe20996118306ff4de1fab2

Package: DT
Source: CRAN
Version: 0.2
Hash: 36b032203797956fedad5a25055016a9
Requires: htmltools, htmlwidgets, magrittr

Package: R6
Source: CRAN
Version: 2.2.1
Hash: 530f0b839551f96ec991ce4f93156ee1

Package: Rcpp
Source: CRAN
Version: 0.12.10
Hash: 6cf65d0dd6a92f2d43c8d4805d33efe9

Package: RefManageR
Source: CRAN
Version: 0.14.12
Hash: 9f6e5318d581be0a79cbba3bed8d512b
Requires: bibtex, httr, jsonlite, lubridate, plyr, stringr, xml2

Package: assertthat
Source: CRAN
Version: 0.2.0
Hash: e8805df54c65ac96d50235c44a82615c

Package: backports
Source: CRAN
Version: 1.0.5
Hash: 8b835bdc5447f2c76fda198e17d6bda4

Package: base64enc
Source: CRAN
Version: 0.1-3
Hash: c590d29e555926af053055e23ee79efb

Package: bibtex
Source: CRAN
Version: 0.4.2
Hash: 58c21a98bdd9c67ec0b01d589988681a
Requires: stringr

Package: bitops
Source: CRAN
Version: 1.0-6
Hash: 67d0775189fd0041d95abca618c5c07e

Package: bookdown
Source: CRAN
Version: 0.4
Hash: b4df182b990e253bb9de6f2ba90a9841
Requires: htmltools, knitr, rmarkdown, yaml

Package: caTools
Source: CRAN
Version: 1.17.1
Hash: 97cb6f6293cd18d17df77a6383cc6763
Requires: bitops

Package: citr
Source: CRAN
Version: 0.2.0
Hash: e589bb97f4379dec871f69168676862d
Requires: RefManageR, assertthat, curl, miniUI, rstudioapi, shiny, yaml

Package: curl
Source: CRAN
Version: 2.7
Hash: 1d97b529645be4e502fad3db22415e66

Package: digest
Source: CRAN
Version: 0.6.12
Hash: e53fb8c58673df868183697e39a6a4d6

Package: evaluate
Source: CRAN
Version: 0.10
Hash: c3601a10c987d439e0c63ec635234a76
Requires: stringr

Package: formatR
Source: CRAN
Version: 1.5
Hash: 258cf79a8dbeedf1c981cdb53837d2af

Package: highr
Source: CRAN
Version: 0.6
Hash: aa3d5b7912b5fed4b546ed5cd2a1760b

Package: htmltools
Source: CRAN
Version: 0.3.6
Hash: fb62c5ebb577da9b27b9a0b660ba7fc4
Requires: Rcpp, digest

Package: htmlwidgets
Source: CRAN
Version: 0.8
Hash: e7a3c80acddc2412f96d616949e40bb8
Requires: htmltools, jsonlite, yaml

Package: httpuv
Source: CRAN
Version: 1.3.3
Hash: 15df1efb155731a0ac9c0bfd84f13499
Requires: Rcpp

Package: httr
Source: CRAN
Version: 1.2.1
Hash: 7de1f8f760441881804af7c1ff324340
Requires: R6, curl, jsonlite, mime, openssl

Package: hunspell
Source: CRAN
Version: 2.6
Hash: 97b430ebc499112ff3575c420a1e2895
Requires: Rcpp, digest

Package: jsonlite
Source: CRAN
Version: 1.4
Hash: 24cc0ffeb1771d710173d9803a131870

Package: knitr
Source: CRAN
Version: 1.16
Hash: 3b8dc00d51027c6d041d56bc92136452
Requires: digest, evaluate, highr, markdown, stringr, yaml

Package: lubridate
Source: CRAN
Version: 1.6.0
Hash: b90f4cbefe0b3c545dd68b22c66a8a12
Requires: stringr

Package: magrittr
Source: CRAN
Version: 1.5
Hash: bdc4d48c3135e8f3b399536ddf160df4

Package: markdown
Source: CRAN
Version: 0.8
Hash: 045d7c594d503b41f1c28946d076c8aa
Requires: mime

Package: mime
Source: CRAN
Version: 0.5
Hash: 463550cf44fb6f0a2359368f42eebe62

Package: miniUI
Source: CRAN
Version: 0.1.1
Hash: e85626581f80b1fe6c92a96ec348efc5
Requires: htmltools, shiny

Package: openssl
Source: CRAN
Version: 0.9.6
Hash: 5f4711e142a44655dfea4d64fcf2f641

Package: packrat
Source: CRAN
Version: 0.4.8-1
Hash: 6ad605ba7b4b476d84be6632393f5765

Package: plyr
Source: CRAN
Version: 1.8.4
Hash: c9ddbdcfd74ff964e3e7d0b692a8dd70
Requires: Rcpp

Package: rmarkdown
Source: CRAN
Version: 1.6
Hash: 40f4034a7b8e28edc2b384bdb0c4d537
Requires: base64enc, caTools, evaluate, htmltools, jsonlite, knitr,
    rprojroot, stringr, yaml

Package: rprojroot
Source: CRAN
Version: 1.2
Hash: fdcac51a7f47decd60556ceefc3c26b1
Requires: backports

Package: rstudioapi
Source: CRAN
Version: 0.6
Hash: fd256f8bfb9a64cc35f98b0decb1a79f

Package: shiny
Source: CRAN
Version: 1.0.3
Hash: f133585c72ea31592f663e68c6ff0b3e
Requires: R6, digest, htmltools, httpuv, jsonlite, mime, sourcetools,
    xtable

Package: sourcetools
Source: CRAN
Version: 0.1.6
Hash: 226d56d7469587da40b0f96180e711b4

Package: stringi
Source: CRAN
Version: 1.1.5
Hash: b6308e49357a0b475f433599e0d8b5eb

Package: stringr
Source: CRAN
Version: 1.2.0
Hash: 25a86d7f410513ebb7c0bc6a5e16bdc3
Requires: magrittr, stringi

Package: webshot
Source: CRAN
Version: 0.4.1
Hash: 7c370d2d4c7ed8f373189526d2ea155b
Requires: jsonlite, magrittr

Package: xml2
Source: CRAN
Version: 1.1.1
Hash: 19ad10ef8e73cb435eb49f9d5d259980
Requires: BH, Rcpp

Package: xtable
Source: CRAN
Version: 1.8-2
Hash: 7293235cfcc14cdff1ce7fd1a0212031

Package: yaml
Source: CRAN
Version: 2.1.14
Hash: c81230c3a7d9ba20607ad6b4331173d1
